
Microsoft Visual Studio Solution File, Format Version 12.00
# Visual Studio Version 16
VisualStudioVersion = 16.0.29509.3
MinimumVisualStudioVersion = 10.0.40219.1
Project("{FAE04EC0-301F-11D3-BF4B-00C04F79EFBC}") = "NUnitSelenium", "NUnitSelenium.csproj", "{D58723D8-160A-47B3-AC4C-42DE2A59C230}"
EndProject
Global
	GlobalSection(SolutionConfigurationPlatforms) = preSolution
		Debug|Any CPU = Debug|Any CPU
		Release|Any CPU = Release|Any CPU
	EndGlobalSection
	GlobalSection(ProjectConfigurationPlatforms) = postSolution
		{D58723D8-160A-47B3-AC4C-42DE2A59C230}.Debug|Any CPU.ActiveCfg = Debug|Any CPU
		{D58723D8-160A-47B3-AC4C-42DE2A59C230}.Debug|Any CPU.Build.0 = Debug|Any CPU
		{D58723D8-160A-47B3-AC4C-42DE2A59C230}.Release|Any CPU.ActiveCfg = Release|Any CPU
		{D58723D8-160A-47B3-AC4C-42DE2A59C230}.Release|Any CPU.Build.0 = Release|Any CPU
	EndGlobalSection
	GlobalSection(SolutionProperties) = preSolution
		HideSolutionNode = FALSE
	EndGlobalSection
	GlobalSection(ExtensibilityGlobals) = postSolution
		SolutionGuid = {3F8BB770-FDD4-4AF4-B275-364D7954649B}
	EndGlobalSection
EndGlobal
